{
  "object": {
    "pins": [
      {
        "package": "libPhoneNumber",
        "repositoryURL": "https://github.com/iziz/libPhoneNumber-iOS.git",
        "state": {
          "branch": null,
          "revision": "6dcd392724f9514f589cce3671ef30457ea68c41",
          "version": "0.9.16"
        }
      }
    ]
  },
  "version": 1
}
